
Microsoft Visual Studio Solution File, Format Version 12.00
# Visual Studio 15
VisualStudioVersion = 15.0.28307.271
MinimumVisualStudioVersion = 10.0.40219.1
Project("{8BC9CEB8-8B4A-11D0-8D11-00A0C91BC942}") = "AudioControl", "AudioControl\AudioControl.vcxproj", "{CEEC7AD0-D503-4ECC-AF92-F23C6587A1F0}"
EndProject
Project("{FAE04EC0-301F-11D3-BF4B-00C04F79EFBC}") = "Test", "Test\Test.csproj", "{BE53CB59-7D10-434F-A92F-D6B5C28E7C6F}"
EndProject
Global
	GlobalSection(SolutionConfigurationPlatforms) = preSolution
		Debug|Any CPU = Debug|Any CPU
		Debug|x64 = Debug|x64
		Debug|x86 = Debug|x86
		Release|Any CPU = Release|Any CPU
		Release|x64 = Release|x64
		Release|x86 = Release|x86
	EndGlobalSection
	GlobalSection(ProjectConfigurationPlatforms) = postSolution
		{CEEC7AD0-D503-4ECC-AF92-F23C6587A1F0}.Debug|Any CPU.ActiveCfg = Debug|Win32
		{CEEC7AD0-D503-4ECC-AF92-F23C6587A1F0}.Debug|x64.ActiveCfg = Debug|x64
		{CEEC7AD0-D503-4ECC-AF92-F23C6587A1F0}.Debug|x64.Build.0 = Debug|x64
		{CEEC7AD0-D503-4ECC-AF92-F23C6587A1F0}.Debug|x86.ActiveCfg = Debug|Win32
		{CEEC7AD0-D503-4ECC-AF92-F23C6587A1F0}.Debug|x86.Build.0 = Debug|Win32
		{CEEC7AD0-D503-4ECC-AF92-F23C6587A1F0}.Release|Any CPU.ActiveCfg = Release|Win32
		{CEEC7AD0-D503-4ECC-AF92-F23C6587A1F0}.Release|x64.ActiveCfg = Release|x64
		{CEEC7AD0-D503-4ECC-AF92-F23C6587A1F0}.Release|x64.Build.0 = Release|x64
		{CEEC7AD0-D503-4ECC-AF92-F23C6587A1F0}.Release|x86.ActiveCfg = Release|Win32
		{CEEC7AD0-D503-4ECC-AF92-F23C6587A1F0}.Release|x86.Build.0 = Release|Win32
		{BE53CB59-7D10-434F-A92F-D6B5C28E7C6F}.Debug|Any CPU.ActiveCfg = Debug|Any CPU
		{BE53CB59-7D10-434F-A92F-D6B5C28E7C6F}.Debug|Any CPU.Build.0 = Debug|Any CPU
		{BE53CB59-7D10-434F-A92F-D6B5C28E7C6F}.Debug|x64.ActiveCfg = Debug|Any CPU
		{BE53CB59-7D10-434F-A92F-D6B5C28E7C6F}.Debug|x64.Build.0 = Debug|Any CPU
		{BE53CB59-7D10-434F-A92F-D6B5C28E7C6F}.Debug|x86.ActiveCfg = Debug|Any CPU
		{BE53CB59-7D10-434F-A92F-D6B5C28E7C6F}.Debug|x86.Build.0 = Debug|Any CPU
		{BE53CB59-7D10-434F-A92F-D6B5C28E7C6F}.Release|Any CPU.ActiveCfg = Release|Any CPU
		{BE53CB59-7D10-434F-A92F-D6B5C28E7C6F}.Release|Any CPU.Build.0 = Release|Any CPU
		{BE53CB59-7D10-434F-A92F-D6B5C28E7C6F}.Release|x64.ActiveCfg = Release|Any CPU
		{BE53CB59-7D10-434F-A92F-D6B5C28E7C6F}.Release|x64.Build.0 = Release|Any CPU
		{BE53CB59-7D10-434F-A92F-D6B5C28E7C6F}.Release|x86.ActiveCfg = Release|Any CPU
		{BE53CB59-7D10-434F-A92F-D6B5C28E7C6F}.Release|x86.Build.0 = Release|Any CPU
	EndGlobalSection
	GlobalSection(SolutionProperties) = preSolution
		HideSolutionNode = FALSE
	EndGlobalSection
	GlobalSection(ExtensibilityGlobals) = postSolution
		SolutionGuid = {817F63B5-67CD-41A3-A752-2D5A3C8514DC}
	EndGlobalSection
EndGlobal
